
Microsoft Visual Studio Solution File, Format Version 12.00
# Visual Studio 15
VisualStudioVersion = 15.0.27130.2020
MinimumVisualStudioVersion = 10.0.40219.1
Project("{9A19103F-16F7-4668-BE54-9A1E7A4F7556}") = "identityServerQuickStart", "identityServerQuickStart\identityServerQuickStart.csproj", "{1B124C68-9FBB-4457-855F-04735BF32A2E}"
EndProject
Project("{FAE04EC0-301F-11D3-BF4B-00C04F79EFBC}") = "Api", "Api\Api.csproj", "{0E417156-C508-45AF-87B6-1CD3C6A39354}"
EndProject
Global
	GlobalSection(SolutionConfigurationPlatforms) = preSolution
		Debug|Any CPU = Debug|Any CPU
		Release|Any CPU = Release|Any CPU
	EndGlobalSection
	GlobalSection(ProjectConfigurationPlatforms) = postSolution
		{1B124C68-9FBB-4457-855F-04735BF32A2E}.Debug|Any CPU.ActiveCfg = Debug|Any CPU
		{1B124C68-9FBB-4457-855F-04735BF32A2E}.Debug|Any CPU.Build.0 = Debug|Any CPU
		{1B124C68-9FBB-4457-855F-04735BF32A2E}.Release|Any CPU.ActiveCfg = Release|Any CPU
		{1B124C68-9FBB-4457-855F-04735BF32A2E}.Release|Any CPU.Build.0 = Release|Any CPU
		{0E417156-C508-45AF-87B6-1CD3C6A39354}.Debug|Any CPU.ActiveCfg = Debug|Any CPU
		{0E417156-C508-45AF-87B6-1CD3C6A39354}.Debug|Any CPU.Build.0 = Debug|Any CPU
		{0E417156-C508-45AF-87B6-1CD3C6A39354}.Release|Any CPU.ActiveCfg = Release|Any CPU
		{0E417156-C508-45AF-87B6-1CD3C6A39354}.Release|Any CPU.Build.0 = Release|Any CPU
	EndGlobalSection
	GlobalSection(SolutionProperties) = preSolution
		HideSolutionNode = FALSE
	EndGlobalSection
	GlobalSection(ExtensibilityGlobals) = postSolution
		SolutionGuid = {A566BE95-BC76-4C34-AF1B-E88D5B6BAB06}
	EndGlobalSection
EndGlobal
